// !$*UTF8*$!
{
	archiveVersion = 1;
	classes = {
	};
	objectVersion = 56;
	objects = {

/* Begin PBXBuildFile section */
		9BADAA042C1CDD4700250B7C /* CareSaaSApp.swift in Sources */ = {isa = PBXBuildFile; fileRef = 9BADAA032C1CDD4700250B7C /* CareSaaSApp.swift */; };
		9BADAA062C1CDD4700250B7C /* ContentView.swift in Sources */ = {isa = PBXBuildFile; fileRef = 9BADAA052C1CDD4700250B7C /* ContentView.swift */; };
		9BADAA082C1CDD4800250B7C /* Assets.xcassets in Resources */ = {isa = PBXBuildFile; fileRef = 9BADAA072C1CDD4800250B7C /* Assets.xcassets */; };
		9BADAA0B2C1CDD4800250B7C /* Preview Assets.xcassets in Resources */ = {isa = PBXBuildFile; fileRef = 9BADAA0A2C1CDD4800250B7C /* Preview Assets.xcassets */; };
/* End PBXBuildFile section */

/* Begin PBXFileReference section */
		9BADAA002C1CDD4700250B7C /* CareSaaS.app */ = {isa = PBXFileReference; explicitFileType = wrapper.application; includeInIndex = 0; path = CareSaaS.app; sourceTree = BUILT_PRODUCTS_DIR; };
		9BADAA032C1CDD4700250B7C /* CareSaaSApp.swift */ = {isa = PBXFileReference; lastKnownFileType = sourcecode.swift; path = CareSaaSApp.swift; sourceTree = "<group>"; };
		9BADAA052C1CDD4700250B7C /* ContentView.swift */ = {isa = PBXFileReference; lastKnownFileType = sourcecode.swift; path = ContentView.swift; sourceTree = "<group>"; };
		9BADAA072C1CDD4800250B7C /* Assets.xcassets */ = {isa = PBXFileReference; lastKnownFileType = folder.assetcatalog; path = Assets.xcassets; sourceTree = "<group>"; };
		9BADAA0A2C1CDD4800250B7C /* Preview Assets.xcassets */ = {isa = PBXFileReference; lastKnownFileType = folder.assetcatalog; path = "Preview Assets.xcassets"; sourceTree = "<group>"; };
		9BADAA132C1CE79400250B7C /* Info.plist */ = {isa = PBXFileReference; lastKnownFileType = text.plist; path = Info.plist; sourceTree = "<group>"; };
		9BADAA1C2C1CEDBE00250B7C /* Nunito-Bold.ttf */ = {isa = PBXFileReference; lastKnownFileType = file; name = "Nunito-Bold.ttf"; path = "TempFonts/Nunito,Roboto/Nunito/static/Nunito-Bold.ttf"; sourceTree = SOURCE_ROOT; };
		9BADAA1D2C1CEE3200250B7C /* Nunito-SemiBold.ttf */ = {isa = PBXFileReference; lastKnownFileType = file; name = "Nunito-SemiBold.ttf"; path = "TempFonts/Nunito,Roboto/Nunito/static/Nunito-SemiBold.ttf"; sourceTree = SOURCE_ROOT; };
		9BADAA1E2C1CEE6900250B7C /* Roboto-Regular.ttf */ = {isa = PBXFileReference; lastKnownFileType = file; name = "Roboto-Regular.ttf"; path = "TempFonts/Nunito,Roboto/Roboto/Roboto-Regular.ttf"; sourceTree = SOURCE_ROOT; };
/* End PBXFileReference section */

/* Begin PBXFrameworksBuildPhase section */
		9BADA9FD2C1CDD4700250B7C /* Frameworks */ = {
			isa = PBXFrameworksBuildPhase;
			buildActionMask = 2147483647;
			files = (
			);
			runOnlyForDeploymentPostprocessing = 0;
		};
/* End PBXFrameworksBuildPhase section */

/* Begin PBXGroup section */
		9BADA9F72C1CDD4700250B7C = {
			isa = PBXGroup;
			children = (
				9BADAA022C1CDD4700250B7C /* CareSaaS */,
				9BADAA012C1CDD4700250B7C /* Products */,
			);
			sourceTree = "<group>";
		};
		9BADAA012C1CDD4700250B7C /* Products */ = {
			isa = PBXGroup;
			children = (
				9BADAA002C1CDD4700250B7C /* CareSaaS.app */,
			);
			name = Products;
			sourceTree = "<group>";
		};
		9BADAA022C1CDD4700250B7C /* CareSaaS */ = {
			isa = PBXGroup;
			children = (
				9BADAA172C1CEAA800250B7C /* App */,
				9BADAA142C1CEA2900250B7C /* Views */,
				9BADAA162C1CEA3F00250B7C /* ViewModels */,
				9BADAA182C1CEAB800250B7C /* Models */,
				9BADAA192C1CEAC500250B7C /* Resources */,
				9BADAA202C1CF05D00250B7C /* Utils */,
				9BADAA242C1CF3C100250B7C /* Managers */,
				9BADAA252C1CF3DF00250B7C /* Persistence */,
				9BADAA132C1CE79400250B7C /* Info.plist */,
				9BADAA092C1CDD4800250B7C /* Preview Content */,
			);
			path = CareSaaS;
			sourceTree = "<group>";
		};
		9BADAA092C1CDD4800250B7C /* Preview Content */ = {
			isa = PBXGroup;
			children = (
				9BADAA0A2C1CDD4800250B7C /* Preview Assets.xcassets */,
			);
			path = "Preview Content";
			sourceTree = "<group>";
		};
		9BADAA142C1CEA2900250B7C /* Views */ = {
			isa = PBXGroup;
			children = (
				9BADAA052C1CDD4700250B7C /* ContentView.swift */,
			);
			path = Views;
			sourceTree = "<group>";
		};
		9BADAA162C1CEA3F00250B7C /* ViewModels */ = {
			isa = PBXGroup;
			children = (
			);
			path = ViewModels;
			sourceTree = "<group>";
		};
		9BADAA172C1CEAA800250B7C /* App */ = {
			isa = PBXGroup;
			children = (
				9BADAA032C1CDD4700250B7C /* CareSaaSApp.swift */,
			);
			path = App;
			sourceTree = "<group>";
		};
		9BADAA182C1CEAB800250B7C /* Models */ = {
			isa = PBXGroup;
			children = (
			);
			path = Models;
			sourceTree = "<group>";
		};
		9BADAA192C1CEAC500250B7C /* Resources */ = {
			isa = PBXGroup;
			children = (
				9BADAA1B2C1CEBAA00250B7C /* Fonts */,
				9BADAA072C1CDD4800250B7C /* Assets.xcassets */,
			);
			path = Resources;
			sourceTree = "<group>";
		};
		9BADAA1A2C1CEAD300250B7C /* Extensions */ = {
			isa = PBXGroup;
			children = (
				9BADAA262C1CF50200250B7C /* View+Extensions */,
			);
			path = Extensions;
			sourceTree = "<group>";
		};
		9BADAA1B2C1CEBAA00250B7C /* Fonts */ = {
			isa = PBXGroup;
			children = (
				9BADAA1C2C1CEDBE00250B7C /* Nunito-Bold.ttf */,
				9BADAA1D2C1CEE3200250B7C /* Nunito-SemiBold.ttf */,
				9BADAA1E2C1CEE6900250B7C /* Roboto-Regular.ttf */,
			);
			path = Fonts;
			sourceTree = "<group>";
		};
		9BADAA202C1CF05D00250B7C /* Utils */ = {
			isa = PBXGroup;
			children = (
				9BADAA1A2C1CEAD300250B7C /* Extensions */,
				9BADAA222C1CF25400250B7C /* Styling */,
			);
			path = Utils;
			sourceTree = "<group>";
		};
		9BADAA222C1CF25400250B7C /* Styling */ = {
			isa = PBXGroup;
			children = (
				9BADAA232C1CF36C00250B7C /* ThemeManager */,
			);
			path = Styling;
			sourceTree = "<group>";
		};
		9BADAA232C1CF36C00250B7C /* ThemeManager */ = {
			isa = PBXGroup;
			children = (
			);
			path = ThemeManager;
			sourceTree = "<group>";
		};
		9BADAA242C1CF3C100250B7C /* Managers */ = {
			isa = PBXGroup;
			children = (
			);
			path = Managers;
			sourceTree = "<group>";
		};
		9BADAA252C1CF3DF00250B7C /* Persistence */ = {
			isa = PBXGroup;
			children = (
			);
			path = Persistence;
			sourceTree = "<group>";
		};
		9BADAA262C1CF50200250B7C /* View+Extensions */ = {
			isa = PBXGroup;
			children = (
			);
			path = "View+Extensions";
			sourceTree = "<group>";
		};
/* End PBXGroup section */

/* Begin PBXNativeTarget section */
		9BADA9FF2C1CDD4700250B7C /* CareSaaS */ = {
			isa = PBXNativeTarget;
			buildConfigurationList = 9BADAA0E2C1CDD4800250B7C /* Build configuration list for PBXNativeTarget "CareSaaS" */;
			buildPhases = (
				9BADA9FC2C1CDD4700250B7C /* Sources */,
				9BADA9FD2C1CDD4700250B7C /* Frameworks */,
				9BADA9FE2C1CDD4700250B7C /* Resources */,
			);
			buildRules = (
			);
			dependencies = (
			);
			name = CareSaaS;
			productName = CareSaaS;
			productReference = 9BADAA002C1CDD4700250B7C /* CareSaaS.app */;
			productType = "com.apple.product-type.application";
		};
/* End PBXNativeTarget section */

/* Begin PBXProject section */
		9BADA9F82C1CDD4700250B7C /* Project object */ = {
			isa = PBXProject;
			attributes = {
				BuildIndependentTargetsInParallel = 1;
				LastSwiftUpdateCheck = 1520;
				LastUpgradeCheck = 1520;
				TargetAttributes = {
					9BADA9FF2C1CDD4700250B7C = {
						CreatedOnToolsVersion = 15.2;
					};
				};
			};
			buildConfigurationList = 9BADA9FB2C1CDD4700250B7C /* Build configuration list for PBXProject "CareSaaS" */;
			compatibilityVersion = "Xcode 14.0";
			developmentRegion = en;
			hasScannedForEncodings = 0;
			knownRegions = (
				en,
				Base,
			);
			mainGroup = 9BADA9F72C1CDD4700250B7C;
			productRefGroup = 9BADAA012C1CDD4700250B7C /* Products */;
			projectDirPath = "";
			projectRoot = "";
			targets = (
				9BADA9FF2C1CDD4700250B7C /* CareSaaS */,
			);
		};
/* End PBXProject section */

/* Begin PBXResourcesBuildPhase section */
		9BADA9FE2C1CDD4700250B7C /* Resources */ = {
			isa = PBXResourcesBuildPhase;
			buildActionMask = 2147483647;
			files = (
				9BADAA0B2C1CDD4800250B7C /* Preview Assets.xcassets in Resources */,
				9BADAA082C1CDD4800250B7C /* Assets.xcassets in Resources */,
			);
			runOnlyForDeploymentPostprocessing = 0;
		};
/* End PBXResourcesBuildPhase section */

/* Begin PBXSourcesBuildPhase section */
		9BADA9FC2C1CDD4700250B7C /* Sources */ = {
			isa = PBXSourcesBuildPhase;
			buildActionMask = 2147483647;
			files = (
				9BADAA062C1CDD4700250B7C /* ContentView.swift in Sources */,
				9BADAA042C1CDD4700250B7C /* CareSaaSApp.swift in Sources */,
			);
			runOnlyForDeploymentPostprocessing = 0;
		};
/* End PBXSourcesBuildPhase section */

/* Begin XCBuildConfiguration section */
		9BADAA0C2C1CDD4800250B7C /* Debug */ = {
			isa = XCBuildConfiguration;
			buildSettings = {
				ALWAYS_SEARCH_USER_PATHS = NO;
				ASSETCATALOG_COMPILER_GENERATE_SWIFT_ASSET_SYMBOL_EXTENSIONS = YES;
				CLANG_ANALYZER_NONNULL = YES;
				CLANG_ANALYZER_NUMBER_OBJECT_CONVERSION = YES_AGGRESSIVE;
				CLANG_CXX_LANGUAGE_STANDARD = "gnu++20";
				CLANG_ENABLE_MODULES = YES;
				CLANG_ENABLE_OBJC_ARC = YES;
				CLANG_ENABLE_OBJC_WEAK = YES;
				CLANG_WARN_BLOCK_CAPTURE_AUTORELEASING = YES;
				CLANG_WARN_BOOL_CONVERSION = YES;
				CLANG_WARN_COMMA = YES;
				CLANG_WARN_CONSTANT_CONVERSION = YES;
				CLANG_WARN_DEPRECATED_OBJC_IMPLEMENTATIONS = YES;
				CLANG_WARN_DIRECT_OBJC_ISA_USAGE = YES_ERROR;
				CLANG_WARN_DOCUMENTATION_COMMENTS = YES;
				CLANG_WARN_EMPTY_BODY = YES;
				CLANG_WARN_ENUM_CONVERSION = YES;
				CLANG_WARN_INFINITE_RECURSION = YES;
				CLANG_WARN_INT_CONVERSION = YES;
				CLANG_WARN_NON_LITERAL_NULL_CONVERSION = YES;
				CLANG_WARN_OBJC_IMPLICIT_RETAIN_SELF = YES;
				CLANG_WARN_OBJC_LITERAL_CONVERSION = YES;
				CLANG_WARN_OBJC_ROOT_CLASS = YES_ERROR;
				CLANG_WARN_QUOTED_INCLUDE_IN_FRAMEWORK_HEADER = YES;
				CLANG_WARN_RANGE_LOOP_ANALYSIS = YES;
				CLANG_WARN_STRICT_PROTOTYPES = YES;
				CLANG_WARN_SUSPICIOUS_MOVE = YES;
				CLANG_WARN_UNGUARDED_AVAILABILITY = YES_AGGRESSIVE;
				CLANG_WARN_UNREACHABLE_CODE = YES;
				CLANG_WARN__DUPLICATE_METHOD_MATCH = YES;
				COPY_PHASE_STRIP = NO;
				DEBUG_INFORMATION_FORMAT = dwarf;
				ENABLE_STRICT_OBJC_MSGSEND = YES;
				ENABLE_TESTABILITY = YES;
				ENABLE_USER_SCRIPT_SANDBOXING = YES;
				GCC_C_LANGUAGE_STANDARD = gnu17;
				GCC_DYNAMIC_NO_PIC = NO;
				GCC_NO_COMMON_BLOCKS = YES;
				GCC_OPTIMIZATION_LEVEL = 0;
				GCC_PREPROCESSOR_DEFINITIONS = (
					"DEBUG=1",
					"$(inherited)",
				);
				GCC_WARN_64_TO_32_BIT_CONVERSION = YES;
				GCC_WARN_ABOUT_RETURN_TYPE = YES_ERROR;
				GCC_WARN_UNDECLARED_SELECTOR = YES;
				GCC_WARN_UNINITIALIZED_AUTOS = YES_AGGRESSIVE;
				GCC_WARN_UNUSED_FUNCTION = YES;
				GCC_WARN_UNUSED_VARIABLE = YES;
				IPHONEOS_DEPLOYMENT_TARGET = 17.2;
				LOCALIZATION_PREFERS_STRING_CATALOGS = YES;
				MTL_ENABLE_DEBUG_INFO = INCLUDE_SOURCE;
				MTL_FAST_MATH = YES;
				ONLY_ACTIVE_ARCH = YES;
				SDKROOT = iphoneos;
				SWIFT_ACTIVE_COMPILATION_CONDITIONS = "DEBUG $(inherited)";
				SWIFT_OPTIMIZATION_LEVEL = "-Onone";
			};
			name = Debug;
		};
		9BADAA0D2C1CDD4800250B7C /* Release */ = {
			isa = XCBuildConfiguration;
			buildSettings = {
				ALWAYS_SEARCH_USER_PATHS = NO;
				ASSETCATALOG_COMPILER_GENERATE_SWIFT_ASSET_SYMBOL_EXTENSIONS = YES;
				CLANG_ANALYZER_NONNULL = YES;
				CLANG_ANALYZER_NUMBER_OBJECT_CONVERSION = YES_AGGRESSIVE;
				CLANG_CXX_LANGUAGE_STANDARD = "gnu++20";
				CLANG_ENABLE_MODULES = YES;
				CLANG_ENABLE_OBJC_ARC = YES;
				CLANG_ENABLE_OBJC_WEAK = YES;
				CLANG_WARN_BLOCK_CAPTURE_AUTORELEASING = YES;
				CLANG_WARN_BOOL_CONVERSION = YES;
				CLANG_WARN_COMMA = YES;
				CLANG_WARN_CONSTANT_CONVERSION = YES;
				CLANG_WARN_DEPRECATED_OBJC_IMPLEMENTATIONS = YES;
				CLANG_WARN_DIRECT_OBJC_ISA_USAGE = YES_ERROR;
				CLANG_WARN_DOCUMENTATION_COMMENTS = YES;
				CLANG_WARN_EMPTY_BODY = YES;
				CLANG_WARN_ENUM_CONVERSION = YES;
				CLANG_WARN_INFINITE_RECURSION = YES;
				CLANG_WARN_INT_CONVERSION = YES;
				CLANG_WARN_NON_LITERAL_NULL_CONVERSION = YES;
				CLANG_WARN_OBJC_IMPLICIT_RETAIN_SELF = YES;
				CLANG_WARN_OBJC_LITERAL_CONVERSION = YES;
				CLANG_WARN_OBJC_ROOT_CLASS = YES_ERROR;
				CLANG_WARN_QUOTED_INCLUDE_IN_FRAMEWORK_HEADER = YES;
				CLANG_WARN_RANGE_LOOP_ANALYSIS = YES;
				CLANG_WARN_STRICT_PROTOTYPES = YES;
				CLANG_WARN_SUSPICIOUS_MOVE = YES;
				CLANG_WARN_UNGUARDED_AVAILABILITY = YES_AGGRESSIVE;
				CLANG_WARN_UNREACHABLE_CODE = YES;
				CLANG_WARN__DUPLICATE_METHOD_MATCH = YES;
				COPY_PHASE_STRIP = NO;
				DEBUG_INFORMATION_FORMAT = "dwarf-with-dsym";
				ENABLE_NS_ASSERTIONS = NO;
				ENABLE_STRICT_OBJC_MSGSEND = YES;
				ENABLE_USER_SCRIPT_SANDBOXING = YES;
				GCC_C_LANGUAGE_STANDARD = gnu17;
				GCC_NO_COMMON_BLOCKS = YES;
				GCC_WARN_64_TO_32_BIT_CONVERSION = YES;
				GCC_WARN_ABOUT_RETURN_TYPE = YES_ERROR;
				GCC_WARN_UNDECLARED_SELECTOR = YES;
				GCC_WARN_UNINITIALIZED_AUTOS = YES_AGGRESSIVE;
				GCC_WARN_UNUSED_FUNCTION = YES;
				GCC_WARN_UNUSED_VARIABLE = YES;
				IPHONEOS_DEPLOYMENT_TARGET = 17.2;
				LOCALIZATION_PREFERS_STRING_CATALOGS = YES;
				MTL_ENABLE_DEBUG_INFO = NO;
				MTL_FAST_MATH = YES;
				SDKROOT = iphoneos;
				SWIFT_COMPILATION_MODE = wholemodule;
				VALIDATE_PRODUCT = YES;
			};
			name = Release;
		};
		9BADAA0F2C1CDD4800250B7C /* Debug */ = {
			isa = XCBuildConfiguration;
			buildSettings = {
				ASSETCATALOG_COMPILER_APPICON_NAME = AppIcon;
				ASSETCATALOG_COMPILER_GLOBAL_ACCENT_COLOR_NAME = AccentColor;
				CODE_SIGN_STYLE = Automatic;
				CURRENT_PROJECT_VERSION = 1;
				DEVELOPMENT_ASSET_PATHS = "\"CareSaaS/Preview Content\"";
				DEVELOPMENT_TEAM = 6CJ98NSPAD;
				ENABLE_PREVIEWS = YES;
				GENERATE_INFOPLIST_FILE = YES;
				INFOPLIST_FILE = CareSaaS/Info.plist;
				INFOPLIST_KEY_UIApplicationSceneManifest_Generation = YES;
				INFOPLIST_KEY_UIApplicationSupportsIndirectInputEvents = YES;
				INFOPLIST_KEY_UISupportedInterfaceOrientations_iPad = "UIInterfaceOrientationPortrait UIInterfaceOrientationPortraitUpsideDown UIInterfaceOrientationLandscapeLeft UIInterfaceOrientationLandscapeRight";
				INFOPLIST_KEY_UISupportedInterfaceOrientations_iPhone = "UIInterfaceOrientationPortrait UIInterfaceOrientationLandscapeLeft UIInterfaceOrientationLandscapeRight";
				LD_RUNPATH_SEARCH_PATHS = (
					"$(inherited)",
					"@executable_path/Frameworks",
				);
				MARKETING_VERSION = 1.0;
				PRODUCT_BUNDLE_IDENTIFIER = com.macmartins.CareSaaS;
				PRODUCT_NAME = "$(TARGET_NAME)";
				SWIFT_EMIT_LOC_STRINGS = YES;
				SWIFT_VERSION = 5.0;
				TARGETED_DEVICE_FAMILY = "1,2";
			};
			name = Debug;
		};
		9BADAA102C1CDD4800250B7C /* Release */ = {
			isa = XCBuildConfiguration;
			buildSettings = {
				ASSETCATALOG_COMPILER_APPICON_NAME = AppIcon;
				ASSETCATALOG_COMPILER_GLOBAL_ACCENT_COLOR_NAME = AccentColor;
				CODE_SIGN_STYLE = Automatic;
				CURRENT_PROJECT_VERSION = 1;
				DEVELOPMENT_ASSET_PATHS = "\"CareSaaS/Preview Content\"";
				DEVELOPMENT_TEAM = 6CJ98NSPAD;
				ENABLE_PREVIEWS = YES;
				GENERATE_INFOPLIST_FILE = YES;
				INFOPLIST_FILE = CareSaaS/Info.plist;
				INFOPLIST_KEY_UIApplicationSceneManifest_Generation = YES;
				INFOPLIST_KEY_UIApplicationSupportsIndirectInputEvents = YES;
				INFOPLIST_KEY_UISupportedInterfaceOrientations_iPad = "UIInterfaceOrientationPortrait UIInterfaceOrientationPortraitUpsideDown UIInterfaceOrientationLandscapeLeft UIInterfaceOrientationLandscapeRight";
				INFOPLIST_KEY_UISupportedInterfaceOrientations_iPhone = "UIInterfaceOrientationPortrait UIInterfaceOrientationLandscapeLeft UIInterfaceOrientationLandscapeRight";
				LD_RUNPATH_SEARCH_PATHS = (
					"$(inherited)",
					"@executable_path/Frameworks",
				);
				MARKETING_VERSION = 1.0;
				PRODUCT_BUNDLE_IDENTIFIER = com.macmartins.CareSaaS;
				PRODUCT_NAME = "$(TARGET_NAME)";
				SWIFT_EMIT_LOC_STRINGS = YES;
				SWIFT_VERSION = 5.0;
				TARGETED_DEVICE_FAMILY = "1,2";
			};
			name = Release;
		};
/* End XCBuildConfiguration section */

/* Begin XCConfigurationList section */
		9BADA9FB2C1CDD4700250B7C /* Build configuration list for PBXProject "CareSaaS" */ = {
			isa = XCConfigurationList;
			buildConfigurations = (
				9BADAA0C2C1CDD4800250B7C /* Debug */,
				9BADAA0D2C1CDD4800250B7C /* Release */,
			);
			defaultConfigurationIsVisible = 0;
			defaultConfigurationName = Release;
		};
		9BADAA0E2C1CDD4800250B7C /* Build configuration list for PBXNativeTarget "CareSaaS" */ = {
			isa = XCConfigurationList;
			buildConfigurations = (
				9BADAA0F2C1CDD4800250B7C /* Debug */,
				9BADAA102C1CDD4800250B7C /* Release */,
			);
			defaultConfigurationIsVisible = 0;
			defaultConfigurationName = Release;
		};
/* End XCConfigurationList section */
	};
	rootObject = 9BADA9F82C1CDD4700250B7C /* Project object */;
}
