// !$*UTF8*$!
{
	archiveVersion = 1;
	classes = {
	};
	objectVersion = 56;
	objects = {

/* Begin PBXBuildFile section */
		9BADAA042C1CDD4700250B7C /* CareSaaSApp.swift in Sources */ = {isa = PBXBuildFile; fileRef = 9BADAA032C1CDD4700250B7C /* CareSaaSApp.swift */; };
		9BADAA062C1CDD4700250B7C /* ContentView.swift in Sources */ = {isa = PBXBuildFile; fileRef = 9BADAA052C1CDD4700250B7C /* ContentView.swift */; };
		9BADAA082C1CDD4800250B7C /* Assets.xcassets in Resources */ = {isa = PBXBuildFile; fileRef = 9BADAA072C1CDD4800250B7C /* Assets.xcassets */; };
		9BADAA0B2C1CDD4800250B7C /* Preview Assets.xcassets in Resources */ = {isa = PBXBuildFile; fileRef = 9BADAA0A2C1CDD4800250B7C /* Preview Assets.xcassets */; };
		9BADAA282C1CFF2900250B7C /* TextTheme.swift in Sources */ = {isa = PBXBuildFile; fileRef = 9BADAA272C1CFF2900250B7C /* TextTheme.swift */; };
		9BADAA2C2C1CFF5700250B7C /* TextTheme+CareSaaS.swift in Sources */ = {isa = PBXBuildFile; fileRef = 9BADAA2B2C1CFF5700250B7C /* TextTheme+CareSaaS.swift */; };
		9BADAA2E2C1CFF6B00250B7C /* TextThemeModifier.swift in Sources */ = {isa = PBXBuildFile; fileRef = 9BADAA2D2C1CFF6B00250B7C /* TextThemeModifier.swift */; };
		9BADAA3A2C1D0E8E00250B7C /* FontSize.swift in Sources */ = {isa = PBXBuildFile; fileRef = 9BADAA392C1D0E8E00250B7C /* FontSize.swift */; };
		9BADAA3D2C1D5EC000250B7C /* AppFonts.swift in Sources */ = {isa = PBXBuildFile; fileRef = 9BADAA3C2C1D5EC000250B7C /* AppFonts.swift */; };
		9BADAA3F2C1D605B00250B7C /* Font+Extensions.swift in Sources */ = {isa = PBXBuildFile; fileRef = 9BADAA3E2C1D605B00250B7C /* Font+Extensions.swift */; };
		9BADAA412C1DA4D200250B7C /* LoginView.swift in Sources */ = {isa = PBXBuildFile; fileRef = 9BADAA402C1DA4D200250B7C /* LoginView.swift */; };
		9BADAA442C1DA87700250B7C /* LoginViewModel.swift in Sources */ = {isa = PBXBuildFile; fileRef = 9BADAA432C1DA87700250B7C /* LoginViewModel.swift */; };
		9BADAA462C1DA9EF00250B7C /* View+TextStyle.swift in Sources */ = {isa = PBXBuildFile; fileRef = 9BADAA452C1DA9EF00250B7C /* View+TextStyle.swift */; };
		9BADAA482C1DE00000250B7C /* AttributedString+Extensions.swift in Sources */ = {isa = PBXBuildFile; fileRef = 9BADAA472C1DE00000250B7C /* AttributedString+Extensions.swift */; };
		9BADAA4C2C1DE6AF00250B7C /* BorderTextFieldModifier.swift in Sources */ = {isa = PBXBuildFile; fileRef = 9BADAA4B2C1DE6AF00250B7C /* BorderTextFieldModifier.swift */; };
		9BADAA4E2C1DE6F700250B7C /* TextFieldState.swift in Sources */ = {isa = PBXBuildFile; fileRef = 9BADAA4D2C1DE6F700250B7C /* TextFieldState.swift */; };
		9BADAA502C1DE73700250B7C /* View+Extensions.swift in Sources */ = {isa = PBXBuildFile; fileRef = 9BADAA4F2C1DE73700250B7C /* View+Extensions.swift */; };
		9BADAA522C1DE79A00250B7C /* CheckboxToggleStyle.swift in Sources */ = {isa = PBXBuildFile; fileRef = 9BADAA512C1DE79A00250B7C /* CheckboxToggleStyle.swift */; };
		9BADAA562C1E1D3E00250B7C /* InputField.swift in Sources */ = {isa = PBXBuildFile; fileRef = 9BADAA552C1E1D3E00250B7C /* InputField.swift */; };
		9BADAA582C1E7DD000250B7C /* SecureInputField.swift in Sources */ = {isa = PBXBuildFile; fileRef = 9BADAA572C1E7DD000250B7C /* SecureInputField.swift */; };
		9BADAA5B2C1E7EFC00250B7C /* HomeView.swift in Sources */ = {isa = PBXBuildFile; fileRef = 9BADAA5A2C1E7EFC00250B7C /* HomeView.swift */; };
		9BADAA5D2C1E7F0600250B7C /* HomeViewModel.swift in Sources */ = {isa = PBXBuildFile; fileRef = 9BADAA5C2C1E7F0600250B7C /* HomeViewModel.swift */; };
		9BADAA602C1E7FF600250B7C /* MainView.swift in Sources */ = {isa = PBXBuildFile; fileRef = 9BADAA5F2C1E7FF600250B7C /* MainView.swift */; };
		9BADAA642C1E813500250B7C /* SearchView.swift in Sources */ = {isa = PBXBuildFile; fileRef = 9BADAA632C1E813500250B7C /* SearchView.swift */; };
		9BADAA662C1E816300250B7C /* AccountView.swift in Sources */ = {isa = PBXBuildFile; fileRef = 9BADAA652C1E816300250B7C /* AccountView.swift */; };
		9BADAA692C1E8D3700250B7C /* CustomButton.swift in Sources */ = {isa = PBXBuildFile; fileRef = 9BADAA682C1E8D3700250B7C /* CustomButton.swift */; };
		9BADAA6C2C1E8DB500250B7C /* SegmentedButtonView.swift in Sources */ = {isa = PBXBuildFile; fileRef = 9BADAA6B2C1E8DB500250B7C /* SegmentedButtonView.swift */; };
		9BADAA712C1F24B400250B7C /* BackgroundGeometryReader.swift in Sources */ = {isa = PBXBuildFile; fileRef = 9BADAA702C1F24B400250B7C /* BackgroundGeometryReader.swift */; };
		9BADAA732C1F24BD00250B7C /* SegmentControlSizePreferenceKey.swift in Sources */ = {isa = PBXBuildFile; fileRef = 9BADAA722C1F24BD00250B7C /* SegmentControlSizePreferenceKey.swift */; };
		9BADAA752C1F251600250B7C /* SegmentControlView.swift in Sources */ = {isa = PBXBuildFile; fileRef = 9BADAA742C1F251600250B7C /* SegmentControlView.swift */; };
		9BADAA792C1F267900250B7C /* ActivitiesView.swift in Sources */ = {isa = PBXBuildFile; fileRef = 9BADAA782C1F267900250B7C /* ActivitiesView.swift */; };
		9BADAA7B2C1F268300250B7C /* MedicationView.swift in Sources */ = {isa = PBXBuildFile; fileRef = 9BADAA7A2C1F268300250B7C /* MedicationView.swift */; };
		9BADAA7D2C1F367500250B7C /* ListCellView.swift in Sources */ = {isa = PBXBuildFile; fileRef = 9BADAA7C2C1F367500250B7C /* ListCellView.swift */; };
		9BADAA812C1F3EBE00250B7C /* ImageTextView.swift in Sources */ = {isa = PBXBuildFile; fileRef = 9BADAA802C1F3EBE00250B7C /* ImageTextView.swift */; };
		9BADAA832C1F7C6600250B7C /* LoginRequest.swift in Sources */ = {isa = PBXBuildFile; fileRef = 9BADAA822C1F7C6600250B7C /* LoginRequest.swift */; };
		9BADAA852C1F7C7900250B7C /* LoginResponse.swift in Sources */ = {isa = PBXBuildFile; fileRef = 9BADAA842C1F7C7900250B7C /* LoginResponse.swift */; };
		9BADAA872C1F7C9000250B7C /* User.swift in Sources */ = {isa = PBXBuildFile; fileRef = 9BADAA862C1F7C9000250B7C /* User.swift */; };
		9BADAA892C1F7C9A00250B7C /* RealmAccess.swift in Sources */ = {isa = PBXBuildFile; fileRef = 9BADAA882C1F7C9A00250B7C /* RealmAccess.swift */; };
		9BADAA8B2C1F7CA400250B7C /* UserToken.swift in Sources */ = {isa = PBXBuildFile; fileRef = 9BADAA8A2C1F7CA400250B7C /* UserToken.swift */; };
		9BADAA8D2C1F7F4800250B7C /* Assignee.swift in Sources */ = {isa = PBXBuildFile; fileRef = 9BADAA8C2C1F7F4800250B7C /* Assignee.swift */; };
		9BADAA8F2C1F7F5900250B7C /* TaskAssignment.swift in Sources */ = {isa = PBXBuildFile; fileRef = 9BADAA8E2C1F7F5900250B7C /* TaskAssignment.swift */; };
		9BADAA912C1F7F6100250B7C /* Task.swift in Sources */ = {isa = PBXBuildFile; fileRef = 9BADAA902C1F7F6000250B7C /* Task.swift */; };
		9BCE630F2C20371400A7D45D /* HTTPClient.swift in Sources */ = {isa = PBXBuildFile; fileRef = 9BCE630E2C20371400A7D45D /* HTTPClient.swift */; };
		9BCE63112C20375600A7D45D /* APIError.swift in Sources */ = {isa = PBXBuildFile; fileRef = 9BCE63102C20375600A7D45D /* APIError.swift */; };
		9BCE63132C203C9400A7D45D /* Binding+Extensions.swift in Sources */ = {isa = PBXBuildFile; fileRef = 9BCE63122C203C9400A7D45D /* Binding+Extensions.swift */; };
		9BCE63162C20487F00A7D45D /* Environment.swift in Sources */ = {isa = PBXBuildFile; fileRef = 9BCE63152C20487F00A7D45D /* Environment.swift */; };
		9BCE63192C204C0000A7D45D /* ApiEndpoint.swift in Sources */ = {isa = PBXBuildFile; fileRef = 9BCE63182C204C0000A7D45D /* ApiEndpoint.swift */; };
		9BCE631B2C204E5700A7D45D /* typealiases.swift in Sources */ = {isa = PBXBuildFile; fileRef = 9BCE631A2C204E5700A7D45D /* typealiases.swift */; };
		9BCE631D2C20507300A7D45D /* HTTPMethod.swift in Sources */ = {isa = PBXBuildFile; fileRef = 9BCE631C2C20507300A7D45D /* HTTPMethod.swift */; };
		9BCE631F2C20510100A7D45D /* URLRequest+Extentions.swift in Sources */ = {isa = PBXBuildFile; fileRef = 9BCE631E2C20510100A7D45D /* URLRequest+Extentions.swift */; };
		9BCE63222C205BD600A7D45D /* KeychainAccess in Frameworks */ = {isa = PBXBuildFile; productRef = 9BCE63212C205BD600A7D45D /* KeychainAccess */; };
/* End PBXBuildFile section */

/* Begin PBXFileReference section */
		9BADAA002C1CDD4700250B7C /* CareSaaS.app */ = {isa = PBXFileReference; explicitFileType = wrapper.application; includeInIndex = 0; path = CareSaaS.app; sourceTree = BUILT_PRODUCTS_DIR; };
		9BADAA032C1CDD4700250B7C /* CareSaaSApp.swift */ = {isa = PBXFileReference; lastKnownFileType = sourcecode.swift; path = CareSaaSApp.swift; sourceTree = "<group>"; };
		9BADAA052C1CDD4700250B7C /* ContentView.swift */ = {isa = PBXFileReference; lastKnownFileType = sourcecode.swift; path = ContentView.swift; sourceTree = "<group>"; };
		9BADAA072C1CDD4800250B7C /* Assets.xcassets */ = {isa = PBXFileReference; lastKnownFileType = folder.assetcatalog; path = Assets.xcassets; sourceTree = "<group>"; };
		9BADAA0A2C1CDD4800250B7C /* Preview Assets.xcassets */ = {isa = PBXFileReference; lastKnownFileType = folder.assetcatalog; path = "Preview Assets.xcassets"; sourceTree = "<group>"; };
		9BADAA132C1CE79400250B7C /* Info.plist */ = {isa = PBXFileReference; lastKnownFileType = text.plist; path = Info.plist; sourceTree = "<group>"; };
		9BADAA1C2C1CEDBE00250B7C /* Nunito-Bold.ttf */ = {isa = PBXFileReference; lastKnownFileType = file; name = "Nunito-Bold.ttf"; path = "TempFonts/Nunito,Roboto/Nunito/static/Nunito-Bold.ttf"; sourceTree = SOURCE_ROOT; };
		9BADAA1D2C1CEE3200250B7C /* Nunito-SemiBold.ttf */ = {isa = PBXFileReference; lastKnownFileType = file; name = "Nunito-SemiBold.ttf"; path = "TempFonts/Nunito,Roboto/Nunito/static/Nunito-SemiBold.ttf"; sourceTree = SOURCE_ROOT; };
		9BADAA1E2C1CEE6900250B7C /* Roboto-Regular.ttf */ = {isa = PBXFileReference; lastKnownFileType = file; name = "Roboto-Regular.ttf"; path = "TempFonts/Nunito,Roboto/Roboto/Roboto-Regular.ttf"; sourceTree = SOURCE_ROOT; };
		9BADAA272C1CFF2900250B7C /* TextTheme.swift */ = {isa = PBXFileReference; lastKnownFileType = sourcecode.swift; path = TextTheme.swift; sourceTree = "<group>"; };
		9BADAA2B2C1CFF5700250B7C /* TextTheme+CareSaaS.swift */ = {isa = PBXFileReference; lastKnownFileType = sourcecode.swift; path = "TextTheme+CareSaaS.swift"; sourceTree = "<group>"; };
		9BADAA2D2C1CFF6B00250B7C /* TextThemeModifier.swift */ = {isa = PBXFileReference; lastKnownFileType = sourcecode.swift; path = TextThemeModifier.swift; sourceTree = "<group>"; };
		9BADAA392C1D0E8E00250B7C /* FontSize.swift */ = {isa = PBXFileReference; lastKnownFileType = sourcecode.swift; path = FontSize.swift; sourceTree = "<group>"; };
		9BADAA3C2C1D5EC000250B7C /* AppFonts.swift */ = {isa = PBXFileReference; lastKnownFileType = sourcecode.swift; path = AppFonts.swift; sourceTree = "<group>"; };
		9BADAA3E2C1D605B00250B7C /* Font+Extensions.swift */ = {isa = PBXFileReference; lastKnownFileType = sourcecode.swift; path = "Font+Extensions.swift"; sourceTree = "<group>"; };
		9BADAA402C1DA4D200250B7C /* LoginView.swift */ = {isa = PBXFileReference; lastKnownFileType = sourcecode.swift; path = LoginView.swift; sourceTree = "<group>"; };
		9BADAA432C1DA87700250B7C /* LoginViewModel.swift */ = {isa = PBXFileReference; lastKnownFileType = sourcecode.swift; path = LoginViewModel.swift; sourceTree = "<group>"; };
		9BADAA452C1DA9EF00250B7C /* View+TextStyle.swift */ = {isa = PBXFileReference; lastKnownFileType = sourcecode.swift; path = "View+TextStyle.swift"; sourceTree = "<group>"; };
		9BADAA472C1DE00000250B7C /* AttributedString+Extensions.swift */ = {isa = PBXFileReference; lastKnownFileType = sourcecode.swift; path = "AttributedString+Extensions.swift"; sourceTree = "<group>"; };
		9BADAA4B2C1DE6AF00250B7C /* BorderTextFieldModifier.swift */ = {isa = PBXFileReference; lastKnownFileType = sourcecode.swift; path = BorderTextFieldModifier.swift; sourceTree = "<group>"; };
		9BADAA4D2C1DE6F700250B7C /* TextFieldState.swift */ = {isa = PBXFileReference; lastKnownFileType = sourcecode.swift; path = TextFieldState.swift; sourceTree = "<group>"; };
		9BADAA4F2C1DE73700250B7C /* View+Extensions.swift */ = {isa = PBXFileReference; lastKnownFileType = sourcecode.swift; path = "View+Extensions.swift"; sourceTree = "<group>"; };
		9BADAA512C1DE79A00250B7C /* CheckboxToggleStyle.swift */ = {isa = PBXFileReference; lastKnownFileType = sourcecode.swift; path = CheckboxToggleStyle.swift; sourceTree = "<group>"; };
		9BADAA552C1E1D3E00250B7C /* InputField.swift */ = {isa = PBXFileReference; lastKnownFileType = sourcecode.swift; path = InputField.swift; sourceTree = "<group>"; };
		9BADAA572C1E7DD000250B7C /* SecureInputField.swift */ = {isa = PBXFileReference; lastKnownFileType = sourcecode.swift; path = SecureInputField.swift; sourceTree = "<group>"; };
		9BADAA5A2C1E7EFC00250B7C /* HomeView.swift */ = {isa = PBXFileReference; lastKnownFileType = sourcecode.swift; path = HomeView.swift; sourceTree = "<group>"; };
		9BADAA5C2C1E7F0600250B7C /* HomeViewModel.swift */ = {isa = PBXFileReference; lastKnownFileType = sourcecode.swift; path = HomeViewModel.swift; sourceTree = "<group>"; };
		9BADAA5F2C1E7FF600250B7C /* MainView.swift */ = {isa = PBXFileReference; lastKnownFileType = sourcecode.swift; path = MainView.swift; sourceTree = "<group>"; };
		9BADAA632C1E813500250B7C /* SearchView.swift */ = {isa = PBXFileReference; lastKnownFileType = sourcecode.swift; path = SearchView.swift; sourceTree = "<group>"; };
		9BADAA652C1E816300250B7C /* AccountView.swift */ = {isa = PBXFileReference; lastKnownFileType = sourcecode.swift; path = AccountView.swift; sourceTree = "<group>"; };
		9BADAA682C1E8D3700250B7C /* CustomButton.swift */ = {isa = PBXFileReference; lastKnownFileType = sourcecode.swift; path = CustomButton.swift; sourceTree = "<group>"; };
		9BADAA6B2C1E8DB500250B7C /* SegmentedButtonView.swift */ = {isa = PBXFileReference; lastKnownFileType = sourcecode.swift; path = SegmentedButtonView.swift; sourceTree = "<group>"; };
		9BADAA702C1F24B400250B7C /* BackgroundGeometryReader.swift */ = {isa = PBXFileReference; lastKnownFileType = sourcecode.swift; path = BackgroundGeometryReader.swift; sourceTree = "<group>"; };
		9BADAA722C1F24BD00250B7C /* SegmentControlSizePreferenceKey.swift */ = {isa = PBXFileReference; lastKnownFileType = sourcecode.swift; path = SegmentControlSizePreferenceKey.swift; sourceTree = "<group>"; };
		9BADAA742C1F251600250B7C /* SegmentControlView.swift */ = {isa = PBXFileReference; lastKnownFileType = sourcecode.swift; path = SegmentControlView.swift; sourceTree = "<group>"; };
		9BADAA782C1F267900250B7C /* ActivitiesView.swift */ = {isa = PBXFileReference; lastKnownFileType = sourcecode.swift; path = ActivitiesView.swift; sourceTree = "<group>"; };
		9BADAA7A2C1F268300250B7C /* MedicationView.swift */ = {isa = PBXFileReference; lastKnownFileType = sourcecode.swift; path = MedicationView.swift; sourceTree = "<group>"; };
		9BADAA7C2C1F367500250B7C /* ListCellView.swift */ = {isa = PBXFileReference; lastKnownFileType = sourcecode.swift; path = ListCellView.swift; sourceTree = "<group>"; };
		9BADAA802C1F3EBE00250B7C /* ImageTextView.swift */ = {isa = PBXFileReference; lastKnownFileType = sourcecode.swift; path = ImageTextView.swift; sourceTree = "<group>"; };
		9BADAA822C1F7C6600250B7C /* LoginRequest.swift */ = {isa = PBXFileReference; lastKnownFileType = sourcecode.swift; path = LoginRequest.swift; sourceTree = "<group>"; };
		9BADAA842C1F7C7900250B7C /* LoginResponse.swift */ = {isa = PBXFileReference; lastKnownFileType = sourcecode.swift; path = LoginResponse.swift; sourceTree = "<group>"; };
		9BADAA862C1F7C9000250B7C /* User.swift */ = {isa = PBXFileReference; lastKnownFileType = sourcecode.swift; path = User.swift; sourceTree = "<group>"; };
		9BADAA882C1F7C9A00250B7C /* RealmAccess.swift */ = {isa = PBXFileReference; lastKnownFileType = sourcecode.swift; path = RealmAccess.swift; sourceTree = "<group>"; };
		9BADAA8A2C1F7CA400250B7C /* UserToken.swift */ = {isa = PBXFileReference; lastKnownFileType = sourcecode.swift; path = UserToken.swift; sourceTree = "<group>"; };
		9BADAA8C2C1F7F4800250B7C /* Assignee.swift */ = {isa = PBXFileReference; lastKnownFileType = sourcecode.swift; path = Assignee.swift; sourceTree = "<group>"; };
		9BADAA8E2C1F7F5900250B7C /* TaskAssignment.swift */ = {isa = PBXFileReference; lastKnownFileType = sourcecode.swift; path = TaskAssignment.swift; sourceTree = "<group>"; };
		9BADAA902C1F7F6000250B7C /* Task.swift */ = {isa = PBXFileReference; lastKnownFileType = sourcecode.swift; path = Task.swift; sourceTree = "<group>"; };
		9BCE630E2C20371400A7D45D /* HTTPClient.swift */ = {isa = PBXFileReference; lastKnownFileType = sourcecode.swift; path = HTTPClient.swift; sourceTree = "<group>"; };
		9BCE63102C20375600A7D45D /* APIError.swift */ = {isa = PBXFileReference; lastKnownFileType = sourcecode.swift; path = APIError.swift; sourceTree = "<group>"; };
		9BCE63122C203C9400A7D45D /* Binding+Extensions.swift */ = {isa = PBXFileReference; lastKnownFileType = sourcecode.swift; path = "Binding+Extensions.swift"; sourceTree = "<group>"; };
		9BCE63152C20487F00A7D45D /* Environment.swift */ = {isa = PBXFileReference; lastKnownFileType = sourcecode.swift; path = Environment.swift; sourceTree = "<group>"; };
		9BCE63182C204C0000A7D45D /* ApiEndpoint.swift */ = {isa = PBXFileReference; lastKnownFileType = sourcecode.swift; path = ApiEndpoint.swift; sourceTree = "<group>"; };
		9BCE631A2C204E5700A7D45D /* typealiases.swift */ = {isa = PBXFileReference; lastKnownFileType = sourcecode.swift; path = typealiases.swift; sourceTree = "<group>"; };
		9BCE631C2C20507300A7D45D /* HTTPMethod.swift */ = {isa = PBXFileReference; lastKnownFileType = sourcecode.swift; path = HTTPMethod.swift; sourceTree = "<group>"; };
		9BCE631E2C20510100A7D45D /* URLRequest+Extentions.swift */ = {isa = PBXFileReference; lastKnownFileType = sourcecode.swift; path = "URLRequest+Extentions.swift"; sourceTree = "<group>"; };
/* End PBXFileReference section */

/* Begin PBXFrameworksBuildPhase section */
		9BADA9FD2C1CDD4700250B7C /* Frameworks */ = {
			isa = PBXFrameworksBuildPhase;
			buildActionMask = 2147483647;
			files = (
				9BCE63222C205BD600A7D45D /* KeychainAccess in Frameworks */,
			);
			runOnlyForDeploymentPostprocessing = 0;
		};
/* End PBXFrameworksBuildPhase section */

/* Begin PBXGroup section */
		9BADA9F72C1CDD4700250B7C = {
			isa = PBXGroup;
			children = (
				9BADAA022C1CDD4700250B7C /* CareSaaS */,
				9BADAA012C1CDD4700250B7C /* Products */,
			);
			sourceTree = "<group>";
		};
		9BADAA012C1CDD4700250B7C /* Products */ = {
			isa = PBXGroup;
			children = (
				9BADAA002C1CDD4700250B7C /* CareSaaS.app */,
			);
			name = Products;
			sourceTree = "<group>";
		};
		9BADAA022C1CDD4700250B7C /* CareSaaS */ = {
			isa = PBXGroup;
			children = (
				9BCE63142C20487100A7D45D /* Configuration */,
				9BCE630D2C2035E300A7D45D /* Networking */,
				9BADAA172C1CEAA800250B7C /* App */,
				9BADAA242C1CF3C100250B7C /* Managers */,
				9BADAA142C1CEA2900250B7C /* Views */,
				9BADAA182C1CEAB800250B7C /* Models */,
				9BADAA492C1DE65700250B7C /* Common */,
				9BADAA202C1CF05D00250B7C /* Utils */,
				9BADAA192C1CEAC500250B7C /* Resources */,
				9BADAA132C1CE79400250B7C /* Info.plist */,
				9BADAA092C1CDD4800250B7C /* Preview Content */,
			);
			path = CareSaaS;
			sourceTree = "<group>";
		};
		9BADAA092C1CDD4800250B7C /* Preview Content */ = {
			isa = PBXGroup;
			children = (
				9BADAA0A2C1CDD4800250B7C /* Preview Assets.xcassets */,
			);
			path = "Preview Content";
			sourceTree = "<group>";
		};
		9BADAA142C1CEA2900250B7C /* Views */ = {
			isa = PBXGroup;
			children = (
				9BADAA052C1CDD4700250B7C /* ContentView.swift */,
				9BADAA422C1DA86000250B7C /* Login */,
				9BADAA5E2C1E7FE500250B7C /* Main */,
				9BADAA592C1E7ED200250B7C /* Home */,
				9BADAA612C1E800B00250B7C /* Search */,
				9BADAA622C1E801500250B7C /* Account */,
			);
			path = Views;
			sourceTree = "<group>";
		};
		9BADAA172C1CEAA800250B7C /* App */ = {
			isa = PBXGroup;
			children = (
				9BADAA032C1CDD4700250B7C /* CareSaaSApp.swift */,
			);
			path = App;
			sourceTree = "<group>";
		};
		9BADAA182C1CEAB800250B7C /* Models */ = {
			isa = PBXGroup;
			children = (
				9BADAA822C1F7C6600250B7C /* LoginRequest.swift */,
				9BADAA842C1F7C7900250B7C /* LoginResponse.swift */,
				9BADAA862C1F7C9000250B7C /* User.swift */,
				9BADAA882C1F7C9A00250B7C /* RealmAccess.swift */,
				9BADAA8A2C1F7CA400250B7C /* UserToken.swift */,
				9BADAA8C2C1F7F4800250B7C /* Assignee.swift */,
				9BADAA8E2C1F7F5900250B7C /* TaskAssignment.swift */,
				9BADAA902C1F7F6000250B7C /* Task.swift */,
			);
			path = Models;
			sourceTree = "<group>";
		};
		9BADAA192C1CEAC500250B7C /* Resources */ = {
			isa = PBXGroup;
			children = (
				9BADAA1B2C1CEBAA00250B7C /* Fonts */,
				9BADAA072C1CDD4800250B7C /* Assets.xcassets */,
			);
			path = Resources;
			sourceTree = "<group>";
		};
		9BADAA1A2C1CEAD300250B7C /* Extensions */ = {
			isa = PBXGroup;
			children = (
				9BADAA262C1CF50200250B7C /* View+Extensions */,
				9BADAA3E2C1D605B00250B7C /* Font+Extensions.swift */,
				9BADAA472C1DE00000250B7C /* AttributedString+Extensions.swift */,
				9BCE63122C203C9400A7D45D /* Binding+Extensions.swift */,
				9BCE631E2C20510100A7D45D /* URLRequest+Extentions.swift */,
			);
			path = Extensions;
			sourceTree = "<group>";
		};
		9BADAA1B2C1CEBAA00250B7C /* Fonts */ = {
			isa = PBXGroup;
			children = (
				9BADAA1C2C1CEDBE00250B7C /* Nunito-Bold.ttf */,
				9BADAA1D2C1CEE3200250B7C /* Nunito-SemiBold.ttf */,
				9BADAA1E2C1CEE6900250B7C /* Roboto-Regular.ttf */,
			);
			path = Fonts;
			sourceTree = "<group>";
		};
		9BADAA202C1CF05D00250B7C /* Utils */ = {
			isa = PBXGroup;
			children = (
				9BADAA2F2C1D028100250B7C /* Styling */,
				9BADAA1A2C1CEAD300250B7C /* Extensions */,
				9BADAA222C1CF25400250B7C /* Themes */,
			);
			path = Utils;
			sourceTree = "<group>";
		};
		9BADAA222C1CF25400250B7C /* Themes */ = {
			isa = PBXGroup;
			children = (
				9BADAA272C1CFF2900250B7C /* TextTheme.swift */,
				9BADAA2B2C1CFF5700250B7C /* TextTheme+CareSaaS.swift */,
				9BADAA2D2C1CFF6B00250B7C /* TextThemeModifier.swift */,
			);
			path = Themes;
			sourceTree = "<group>";
		};
		9BADAA242C1CF3C100250B7C /* Managers */ = {
			isa = PBXGroup;
			children = (
			);
			path = Managers;
			sourceTree = "<group>";
		};
		9BADAA262C1CF50200250B7C /* View+Extensions */ = {
			isa = PBXGroup;
			children = (
				9BADAA452C1DA9EF00250B7C /* View+TextStyle.swift */,
				9BADAA4F2C1DE73700250B7C /* View+Extensions.swift */,
			);
			path = "View+Extensions";
			sourceTree = "<group>";
		};
		9BADAA2F2C1D028100250B7C /* Styling */ = {
			isa = PBXGroup;
			children = (
				9BADAA3B2C1D5E4300250B7C /* Fonts */,
			);
			path = Styling;
			sourceTree = "<group>";
		};
		9BADAA3B2C1D5E4300250B7C /* Fonts */ = {
			isa = PBXGroup;
			children = (
				9BADAA3C2C1D5EC000250B7C /* AppFonts.swift */,
				9BADAA392C1D0E8E00250B7C /* FontSize.swift */,
			);
			path = Fonts;
			sourceTree = "<group>";
		};
		9BADAA422C1DA86000250B7C /* Login */ = {
			isa = PBXGroup;
			children = (
				9BADAA402C1DA4D200250B7C /* LoginView.swift */,
				9BADAA432C1DA87700250B7C /* LoginViewModel.swift */,
			);
			path = Login;
			sourceTree = "<group>";
		};
		9BADAA492C1DE65700250B7C /* Common */ = {
			isa = PBXGroup;
			children = (
				9BADAA762C1F264D00250B7C /* Medication */,
				9BADAA772C1F265E00250B7C /* Activities */,
				9BADAA7F2C1F3EB400250B7C /* ImageTextView */,
				9BADAA7E2C1F3E9F00250B7C /* ListCellView */,
				9BADAA6F2C1F249300250B7C /* SegmentControlView */,
				9BADAA6A2C1E8D6A00250B7C /* SegmentedButtonView */,
				9BADAA672C1E8D2800250B7C /* CustomButton */,
				9BADAA542C1E1D3100250B7C /* InputField */,
				9BADAA4A2C1DE67F00250B7C /* BorderTextFieldModifier */,
				9BADAA532C1DE7AC00250B7C /* CheckboxToggleStyle */,
			);
			path = Common;
			sourceTree = "<group>";
		};
		9BADAA4A2C1DE67F00250B7C /* BorderTextFieldModifier */ = {
			isa = PBXGroup;
			children = (
				9BADAA4B2C1DE6AF00250B7C /* BorderTextFieldModifier.swift */,
				9BADAA4D2C1DE6F700250B7C /* TextFieldState.swift */,
			);
			path = BorderTextFieldModifier;
			sourceTree = "<group>";
		};
		9BADAA532C1DE7AC00250B7C /* CheckboxToggleStyle */ = {
			isa = PBXGroup;
			children = (
				9BADAA512C1DE79A00250B7C /* CheckboxToggleStyle.swift */,
			);
			path = CheckboxToggleStyle;
			sourceTree = "<group>";
		};
		9BADAA542C1E1D3100250B7C /* InputField */ = {
			isa = PBXGroup;
			children = (
				9BADAA552C1E1D3E00250B7C /* InputField.swift */,
				9BADAA572C1E7DD000250B7C /* SecureInputField.swift */,
			);
			path = InputField;
			sourceTree = "<group>";
		};
		9BADAA592C1E7ED200250B7C /* Home */ = {
			isa = PBXGroup;
			children = (
				9BADAA5A2C1E7EFC00250B7C /* HomeView.swift */,
				9BADAA5C2C1E7F0600250B7C /* HomeViewModel.swift */,
			);
			path = Home;
			sourceTree = "<group>";
		};
		9BADAA5E2C1E7FE500250B7C /* Main */ = {
			isa = PBXGroup;
			children = (
				9BADAA5F2C1E7FF600250B7C /* MainView.swift */,
			);
			path = Main;
			sourceTree = "<group>";
		};
		9BADAA612C1E800B00250B7C /* Search */ = {
			isa = PBXGroup;
			children = (
				9BADAA632C1E813500250B7C /* SearchView.swift */,
			);
			path = Search;
			sourceTree = "<group>";
		};
		9BADAA622C1E801500250B7C /* Account */ = {
			isa = PBXGroup;
			children = (
				9BADAA652C1E816300250B7C /* AccountView.swift */,
			);
			path = Account;
			sourceTree = "<group>";
		};
		9BADAA672C1E8D2800250B7C /* CustomButton */ = {
			isa = PBXGroup;
			children = (
				9BADAA682C1E8D3700250B7C /* CustomButton.swift */,
			);
			path = CustomButton;
			sourceTree = "<group>";
		};
		9BADAA6A2C1E8D6A00250B7C /* SegmentedButtonView */ = {
			isa = PBXGroup;
			children = (
				9BADAA6B2C1E8DB500250B7C /* SegmentedButtonView.swift */,
			);
			path = SegmentedButtonView;
			sourceTree = "<group>";
		};
		9BADAA6F2C1F249300250B7C /* SegmentControlView */ = {
			isa = PBXGroup;
			children = (
				9BADAA742C1F251600250B7C /* SegmentControlView.swift */,
				9BADAA702C1F24B400250B7C /* BackgroundGeometryReader.swift */,
				9BADAA722C1F24BD00250B7C /* SegmentControlSizePreferenceKey.swift */,
			);
			path = SegmentControlView;
			sourceTree = "<group>";
		};
		9BADAA762C1F264D00250B7C /* Medication */ = {
			isa = PBXGroup;
			children = (
				9BADAA7A2C1F268300250B7C /* MedicationView.swift */,
			);
			path = Medication;
			sourceTree = "<group>";
		};
		9BADAA772C1F265E00250B7C /* Activities */ = {
			isa = PBXGroup;
			children = (
				9BADAA782C1F267900250B7C /* ActivitiesView.swift */,
			);
			path = Activities;
			sourceTree = "<group>";
		};
		9BADAA7E2C1F3E9F00250B7C /* ListCellView */ = {
			isa = PBXGroup;
			children = (
				9BADAA7C2C1F367500250B7C /* ListCellView.swift */,
			);
			path = ListCellView;
			sourceTree = "<group>";
		};
		9BADAA7F2C1F3EB400250B7C /* ImageTextView */ = {
			isa = PBXGroup;
			children = (
				9BADAA802C1F3EBE00250B7C /* ImageTextView.swift */,
			);
			path = ImageTextView;
			sourceTree = "<group>";
		};
		9BCE630D2C2035E300A7D45D /* Networking */ = {
			isa = PBXGroup;
			children = (
				9BCE63172C204BF300A7D45D /* Types */,
				9BCE630E2C20371400A7D45D /* HTTPClient.swift */,
			);
			path = Networking;
			sourceTree = "<group>";
		};
		9BCE63142C20487100A7D45D /* Configuration */ = {
			isa = PBXGroup;
			children = (
				9BCE63152C20487F00A7D45D /* Environment.swift */,
				9BCE631A2C204E5700A7D45D /* typealiases.swift */,
			);
			path = Configuration;
			sourceTree = "<group>";
		};
		9BCE63172C204BF300A7D45D /* Types */ = {
			isa = PBXGroup;
			children = (
				9BCE63182C204C0000A7D45D /* ApiEndpoint.swift */,
				9BCE63102C20375600A7D45D /* APIError.swift */,
				9BCE631C2C20507300A7D45D /* HTTPMethod.swift */,
			);
			path = Types;
			sourceTree = "<group>";
		};
/* End PBXGroup section */

/* Begin PBXNativeTarget section */
		9BADA9FF2C1CDD4700250B7C /* CareSaaS */ = {
			isa = PBXNativeTarget;
			buildConfigurationList = 9BADAA0E2C1CDD4800250B7C /* Build configuration list for PBXNativeTarget "CareSaaS" */;
			buildPhases = (
				9BADA9FC2C1CDD4700250B7C /* Sources */,
				9BADA9FD2C1CDD4700250B7C /* Frameworks */,
				9BADA9FE2C1CDD4700250B7C /* Resources */,
			);
			buildRules = (
			);
			dependencies = (
			);
			name = CareSaaS;
			packageProductDependencies = (
				9BCE63212C205BD600A7D45D /* KeychainAccess */,
			);
			productName = CareSaaS;
			productReference = 9BADAA002C1CDD4700250B7C /* CareSaaS.app */;
			productType = "com.apple.product-type.application";
		};
/* End PBXNativeTarget section */

/* Begin PBXProject section */
		9BADA9F82C1CDD4700250B7C /* Project object */ = {
			isa = PBXProject;
			attributes = {
				BuildIndependentTargetsInParallel = 1;
				LastSwiftUpdateCheck = 1520;
				LastUpgradeCheck = 1520;
				TargetAttributes = {
					9BADA9FF2C1CDD4700250B7C = {
						CreatedOnToolsVersion = 15.2;
					};
				};
			};
			buildConfigurationList = 9BADA9FB2C1CDD4700250B7C /* Build configuration list for PBXProject "CareSaaS" */;
			compatibilityVersion = "Xcode 14.0";
			developmentRegion = en;
			hasScannedForEncodings = 0;
			knownRegions = (
				en,
				Base,
			);
			mainGroup = 9BADA9F72C1CDD4700250B7C;
			packageReferences = (
				9BCE63202C205BD600A7D45D /* XCRemoteSwiftPackageReference "KeychainAccess" */,
			);
			productRefGroup = 9BADAA012C1CDD4700250B7C /* Products */;
			projectDirPath = "";
			projectRoot = "";
			targets = (
				9BADA9FF2C1CDD4700250B7C /* CareSaaS */,
			);
		};
/* End PBXProject section */

/* Begin PBXResourcesBuildPhase section */
		9BADA9FE2C1CDD4700250B7C /* Resources */ = {
			isa = PBXResourcesBuildPhase;
			buildActionMask = 2147483647;
			files = (
				9BADAA0B2C1CDD4800250B7C /* Preview Assets.xcassets in Resources */,
				9BADAA082C1CDD4800250B7C /* Assets.xcassets in Resources */,
			);
			runOnlyForDeploymentPostprocessing = 0;
		};
/* End PBXResourcesBuildPhase section */

/* Begin PBXSourcesBuildPhase section */
		9BADA9FC2C1CDD4700250B7C /* Sources */ = {
			isa = PBXSourcesBuildPhase;
			buildActionMask = 2147483647;
			files = (
				9BADAA482C1DE00000250B7C /* AttributedString+Extensions.swift in Sources */,
				9BADAA7B2C1F268300250B7C /* MedicationView.swift in Sources */,
				9BADAA8B2C1F7CA400250B7C /* UserToken.swift in Sources */,
				9BADAA4E2C1DE6F700250B7C /* TextFieldState.swift in Sources */,
				9BADAA8F2C1F7F5900250B7C /* TaskAssignment.swift in Sources */,
				9BCE631D2C20507300A7D45D /* HTTPMethod.swift in Sources */,
				9BADAA582C1E7DD000250B7C /* SecureInputField.swift in Sources */,
				9BADAA5D2C1E7F0600250B7C /* HomeViewModel.swift in Sources */,
				9BADAA7D2C1F367500250B7C /* ListCellView.swift in Sources */,
				9BADAA602C1E7FF600250B7C /* MainView.swift in Sources */,
				9BADAA732C1F24BD00250B7C /* SegmentControlSizePreferenceKey.swift in Sources */,
				9BADAA3F2C1D605B00250B7C /* Font+Extensions.swift in Sources */,
				9BADAA462C1DA9EF00250B7C /* View+TextStyle.swift in Sources */,
				9BADAA062C1CDD4700250B7C /* ContentView.swift in Sources */,
				9BADAA662C1E816300250B7C /* AccountView.swift in Sources */,
				9BADAA2C2C1CFF5700250B7C /* TextTheme+CareSaaS.swift in Sources */,
				9BADAA872C1F7C9000250B7C /* User.swift in Sources */,
				9BADAA412C1DA4D200250B7C /* LoginView.swift in Sources */,
				9BADAA8D2C1F7F4800250B7C /* Assignee.swift in Sources */,
				9BADAA642C1E813500250B7C /* SearchView.swift in Sources */,
				9BADAA042C1CDD4700250B7C /* CareSaaSApp.swift in Sources */,
				9BADAA3D2C1D5EC000250B7C /* AppFonts.swift in Sources */,
				9BADAA812C1F3EBE00250B7C /* ImageTextView.swift in Sources */,
				9BADAA792C1F267900250B7C /* ActivitiesView.swift in Sources */,
				9BADAA282C1CFF2900250B7C /* TextTheme.swift in Sources */,
				9BADAA2E2C1CFF6B00250B7C /* TextThemeModifier.swift in Sources */,
				9BADAA832C1F7C6600250B7C /* LoginRequest.swift in Sources */,
				9BADAA712C1F24B400250B7C /* BackgroundGeometryReader.swift in Sources */,
				9BADAA752C1F251600250B7C /* SegmentControlView.swift in Sources */,
				9BADAA6C2C1E8DB500250B7C /* SegmentedButtonView.swift in Sources */,
				9BCE63162C20487F00A7D45D /* Environment.swift in Sources */,
				9BADAA562C1E1D3E00250B7C /* InputField.swift in Sources */,
				9BADAA442C1DA87700250B7C /* LoginViewModel.swift in Sources */,
				9BADAA3A2C1D0E8E00250B7C /* FontSize.swift in Sources */,
				9BADAA912C1F7F6100250B7C /* Task.swift in Sources */,
				9BADAA502C1DE73700250B7C /* View+Extensions.swift in Sources */,
				9BADAA692C1E8D3700250B7C /* CustomButton.swift in Sources */,
				9BCE631B2C204E5700A7D45D /* typealiases.swift in Sources */,
				9BCE63132C203C9400A7D45D /* Binding+Extensions.swift in Sources */,
				9BADAA892C1F7C9A00250B7C /* RealmAccess.swift in Sources */,
				9BADAA522C1DE79A00250B7C /* CheckboxToggleStyle.swift in Sources */,
				9BADAA4C2C1DE6AF00250B7C /* BorderTextFieldModifier.swift in Sources */,
				9BADAA852C1F7C7900250B7C /* LoginResponse.swift in Sources */,
				9BCE630F2C20371400A7D45D /* HTTPClient.swift in Sources */,
				9BADAA5B2C1E7EFC00250B7C /* HomeView.swift in Sources */,
				9BCE63112C20375600A7D45D /* APIError.swift in Sources */,
				9BCE631F2C20510100A7D45D /* URLRequest+Extentions.swift in Sources */,
				9BCE63192C204C0000A7D45D /* ApiEndpoint.swift in Sources */,
			);
			runOnlyForDeploymentPostprocessing = 0;
		};
/* End PBXSourcesBuildPhase section */

/* Begin XCBuildConfiguration section */
		9BADAA0C2C1CDD4800250B7C /* Debug */ = {
			isa = XCBuildConfiguration;
			buildSettings = {
				ALWAYS_SEARCH_USER_PATHS = NO;
				ASSETCATALOG_COMPILER_GENERATE_SWIFT_ASSET_SYMBOL_EXTENSIONS = YES;
				CLANG_ANALYZER_NONNULL = YES;
				CLANG_ANALYZER_NUMBER_OBJECT_CONVERSION = YES_AGGRESSIVE;
				CLANG_CXX_LANGUAGE_STANDARD = "gnu++20";
				CLANG_ENABLE_MODULES = YES;
				CLANG_ENABLE_OBJC_ARC = YES;
				CLANG_ENABLE_OBJC_WEAK = YES;
				CLANG_WARN_BLOCK_CAPTURE_AUTORELEASING = YES;
				CLANG_WARN_BOOL_CONVERSION = YES;
				CLANG_WARN_COMMA = YES;
				CLANG_WARN_CONSTANT_CONVERSION = YES;
				CLANG_WARN_DEPRECATED_OBJC_IMPLEMENTATIONS = YES;
				CLANG_WARN_DIRECT_OBJC_ISA_USAGE = YES_ERROR;
				CLANG_WARN_DOCUMENTATION_COMMENTS = YES;
				CLANG_WARN_EMPTY_BODY = YES;
				CLANG_WARN_ENUM_CONVERSION = YES;
				CLANG_WARN_INFINITE_RECURSION = YES;
				CLANG_WARN_INT_CONVERSION = YES;
				CLANG_WARN_NON_LITERAL_NULL_CONVERSION = YES;
				CLANG_WARN_OBJC_IMPLICIT_RETAIN_SELF = YES;
				CLANG_WARN_OBJC_LITERAL_CONVERSION = YES;
				CLANG_WARN_OBJC_ROOT_CLASS = YES_ERROR;
				CLANG_WARN_QUOTED_INCLUDE_IN_FRAMEWORK_HEADER = YES;
				CLANG_WARN_RANGE_LOOP_ANALYSIS = YES;
				CLANG_WARN_STRICT_PROTOTYPES = YES;
				CLANG_WARN_SUSPICIOUS_MOVE = YES;
				CLANG_WARN_UNGUARDED_AVAILABILITY = YES_AGGRESSIVE;
				CLANG_WARN_UNREACHABLE_CODE = YES;
				CLANG_WARN__DUPLICATE_METHOD_MATCH = YES;
				COPY_PHASE_STRIP = NO;
				DEBUG_INFORMATION_FORMAT = dwarf;
				ENABLE_STRICT_OBJC_MSGSEND = YES;
				ENABLE_TESTABILITY = YES;
				ENABLE_USER_SCRIPT_SANDBOXING = YES;
				GCC_C_LANGUAGE_STANDARD = gnu17;
				GCC_DYNAMIC_NO_PIC = NO;
				GCC_NO_COMMON_BLOCKS = YES;
				GCC_OPTIMIZATION_LEVEL = 0;
				GCC_PREPROCESSOR_DEFINITIONS = (
					"DEBUG=1",
					"$(inherited)",
				);
				GCC_WARN_64_TO_32_BIT_CONVERSION = YES;
				GCC_WARN_ABOUT_RETURN_TYPE = YES_ERROR;
				GCC_WARN_UNDECLARED_SELECTOR = YES;
				GCC_WARN_UNINITIALIZED_AUTOS = YES_AGGRESSIVE;
				GCC_WARN_UNUSED_FUNCTION = YES;
				GCC_WARN_UNUSED_VARIABLE = YES;
				IPHONEOS_DEPLOYMENT_TARGET = 17.2;
				LOCALIZATION_PREFERS_STRING_CATALOGS = YES;
				MTL_ENABLE_DEBUG_INFO = INCLUDE_SOURCE;
				MTL_FAST_MATH = YES;
				ONLY_ACTIVE_ARCH = YES;
				SDKROOT = iphoneos;
				SWIFT_ACTIVE_COMPILATION_CONDITIONS = "DEBUG $(inherited)";
				SWIFT_OPTIMIZATION_LEVEL = "-Onone";
			};
			name = Debug;
		};
		9BADAA0D2C1CDD4800250B7C /* Release */ = {
			isa = XCBuildConfiguration;
			buildSettings = {
				ALWAYS_SEARCH_USER_PATHS = NO;
				ASSETCATALOG_COMPILER_GENERATE_SWIFT_ASSET_SYMBOL_EXTENSIONS = YES;
				CLANG_ANALYZER_NONNULL = YES;
				CLANG_ANALYZER_NUMBER_OBJECT_CONVERSION = YES_AGGRESSIVE;
				CLANG_CXX_LANGUAGE_STANDARD = "gnu++20";
				CLANG_ENABLE_MODULES = YES;
				CLANG_ENABLE_OBJC_ARC = YES;
				CLANG_ENABLE_OBJC_WEAK = YES;
				CLANG_WARN_BLOCK_CAPTURE_AUTORELEASING = YES;
				CLANG_WARN_BOOL_CONVERSION = YES;
				CLANG_WARN_COMMA = YES;
				CLANG_WARN_CONSTANT_CONVERSION = YES;
				CLANG_WARN_DEPRECATED_OBJC_IMPLEMENTATIONS = YES;
				CLANG_WARN_DIRECT_OBJC_ISA_USAGE = YES_ERROR;
				CLANG_WARN_DOCUMENTATION_COMMENTS = YES;
				CLANG_WARN_EMPTY_BODY = YES;
				CLANG_WARN_ENUM_CONVERSION = YES;
				CLANG_WARN_INFINITE_RECURSION = YES;
				CLANG_WARN_INT_CONVERSION = YES;
				CLANG_WARN_NON_LITERAL_NULL_CONVERSION = YES;
				CLANG_WARN_OBJC_IMPLICIT_RETAIN_SELF = YES;
				CLANG_WARN_OBJC_LITERAL_CONVERSION = YES;
				CLANG_WARN_OBJC_ROOT_CLASS = YES_ERROR;
				CLANG_WARN_QUOTED_INCLUDE_IN_FRAMEWORK_HEADER = YES;
				CLANG_WARN_RANGE_LOOP_ANALYSIS = YES;
				CLANG_WARN_STRICT_PROTOTYPES = YES;
				CLANG_WARN_SUSPICIOUS_MOVE = YES;
				CLANG_WARN_UNGUARDED_AVAILABILITY = YES_AGGRESSIVE;
				CLANG_WARN_UNREACHABLE_CODE = YES;
				CLANG_WARN__DUPLICATE_METHOD_MATCH = YES;
				COPY_PHASE_STRIP = NO;
				DEBUG_INFORMATION_FORMAT = "dwarf-with-dsym";
				ENABLE_NS_ASSERTIONS = NO;
				ENABLE_STRICT_OBJC_MSGSEND = YES;
				ENABLE_USER_SCRIPT_SANDBOXING = YES;
				GCC_C_LANGUAGE_STANDARD = gnu17;
				GCC_NO_COMMON_BLOCKS = YES;
				GCC_WARN_64_TO_32_BIT_CONVERSION = YES;
				GCC_WARN_ABOUT_RETURN_TYPE = YES_ERROR;
				GCC_WARN_UNDECLARED_SELECTOR = YES;
				GCC_WARN_UNINITIALIZED_AUTOS = YES_AGGRESSIVE;
				GCC_WARN_UNUSED_FUNCTION = YES;
				GCC_WARN_UNUSED_VARIABLE = YES;
				IPHONEOS_DEPLOYMENT_TARGET = 17.2;
				LOCALIZATION_PREFERS_STRING_CATALOGS = YES;
				MTL_ENABLE_DEBUG_INFO = NO;
				MTL_FAST_MATH = YES;
				SDKROOT = iphoneos;
				SWIFT_COMPILATION_MODE = wholemodule;
				VALIDATE_PRODUCT = YES;
			};
			name = Release;
		};
		9BADAA0F2C1CDD4800250B7C /* Debug */ = {
			isa = XCBuildConfiguration;
			buildSettings = {
				ASSETCATALOG_COMPILER_APPICON_NAME = AppIcon;
				ASSETCATALOG_COMPILER_GLOBAL_ACCENT_COLOR_NAME = AccentColor;
				CODE_SIGN_STYLE = Automatic;
				CURRENT_PROJECT_VERSION = 1;
				DEVELOPMENT_ASSET_PATHS = "\"CareSaaS/Preview Content\"";
				DEVELOPMENT_TEAM = 6CJ98NSPAD;
				ENABLE_PREVIEWS = YES;
				GENERATE_INFOPLIST_FILE = YES;
				INFOPLIST_FILE = CareSaaS/Info.plist;
				INFOPLIST_KEY_UIApplicationSceneManifest_Generation = YES;
				INFOPLIST_KEY_UIApplicationSupportsIndirectInputEvents = YES;
				INFOPLIST_KEY_UISupportedInterfaceOrientations_iPad = "UIInterfaceOrientationPortrait UIInterfaceOrientationPortraitUpsideDown UIInterfaceOrientationLandscapeLeft UIInterfaceOrientationLandscapeRight";
				INFOPLIST_KEY_UISupportedInterfaceOrientations_iPhone = "UIInterfaceOrientationPortrait UIInterfaceOrientationLandscapeLeft UIInterfaceOrientationLandscapeRight";
				LD_RUNPATH_SEARCH_PATHS = (
					"$(inherited)",
					"@executable_path/Frameworks",
				);
				MARKETING_VERSION = 1.0;
				PRODUCT_BUNDLE_IDENTIFIER = com.macmartins.CareSaaS;
				PRODUCT_NAME = "$(TARGET_NAME)";
				SWIFT_EMIT_LOC_STRINGS = YES;
				SWIFT_VERSION = 5.0;
				TARGETED_DEVICE_FAMILY = "1,2";
			};
			name = Debug;
		};
		9BADAA102C1CDD4800250B7C /* Release */ = {
			isa = XCBuildConfiguration;
			buildSettings = {
				ASSETCATALOG_COMPILER_APPICON_NAME = AppIcon;
				ASSETCATALOG_COMPILER_GLOBAL_ACCENT_COLOR_NAME = AccentColor;
				CODE_SIGN_STYLE = Automatic;
				CURRENT_PROJECT_VERSION = 1;
				DEVELOPMENT_ASSET_PATHS = "\"CareSaaS/Preview Content\"";
				DEVELOPMENT_TEAM = 6CJ98NSPAD;
				ENABLE_PREVIEWS = YES;
				GENERATE_INFOPLIST_FILE = YES;
				INFOPLIST_FILE = CareSaaS/Info.plist;
				INFOPLIST_KEY_UIApplicationSceneManifest_Generation = YES;
				INFOPLIST_KEY_UIApplicationSupportsIndirectInputEvents = YES;
				INFOPLIST_KEY_UISupportedInterfaceOrientations_iPad = "UIInterfaceOrientationPortrait UIInterfaceOrientationPortraitUpsideDown UIInterfaceOrientationLandscapeLeft UIInterfaceOrientationLandscapeRight";
				INFOPLIST_KEY_UISupportedInterfaceOrientations_iPhone = "UIInterfaceOrientationPortrait UIInterfaceOrientationLandscapeLeft UIInterfaceOrientationLandscapeRight";
				LD_RUNPATH_SEARCH_PATHS = (
					"$(inherited)",
					"@executable_path/Frameworks",
				);
				MARKETING_VERSION = 1.0;
				PRODUCT_BUNDLE_IDENTIFIER = com.macmartins.CareSaaS;
				PRODUCT_NAME = "$(TARGET_NAME)";
				SWIFT_EMIT_LOC_STRINGS = YES;
				SWIFT_VERSION = 5.0;
				TARGETED_DEVICE_FAMILY = "1,2";
			};
			name = Release;
		};
/* End XCBuildConfiguration section */

/* Begin XCConfigurationList section */
		9BADA9FB2C1CDD4700250B7C /* Build configuration list for PBXProject "CareSaaS" */ = {
			isa = XCConfigurationList;
			buildConfigurations = (
				9BADAA0C2C1CDD4800250B7C /* Debug */,
				9BADAA0D2C1CDD4800250B7C /* Release */,
			);
			defaultConfigurationIsVisible = 0;
			defaultConfigurationName = Release;
		};
		9BADAA0E2C1CDD4800250B7C /* Build configuration list for PBXNativeTarget "CareSaaS" */ = {
			isa = XCConfigurationList;
			buildConfigurations = (
				9BADAA0F2C1CDD4800250B7C /* Debug */,
				9BADAA102C1CDD4800250B7C /* Release */,
			);
			defaultConfigurationIsVisible = 0;
			defaultConfigurationName = Release;
		};
/* End XCConfigurationList section */

/* Begin XCRemoteSwiftPackageReference section */
		9BCE63202C205BD600A7D45D /* XCRemoteSwiftPackageReference "KeychainAccess" */ = {
			isa = XCRemoteSwiftPackageReference;
			repositoryURL = "https://github.com/kishikawakatsumi/KeychainAccess.git";
			requirement = {
				branch = master;
				kind = branch;
			};
		};
/* End XCRemoteSwiftPackageReference section */

/* Begin XCSwiftPackageProductDependency section */
		9BCE63212C205BD600A7D45D /* KeychainAccess */ = {
			isa = XCSwiftPackageProductDependency;
			package = 9BCE63202C205BD600A7D45D /* XCRemoteSwiftPackageReference "KeychainAccess" */;
			productName = KeychainAccess;
		};
/* End XCSwiftPackageProductDependency section */
	};
	rootObject = 9BADA9F82C1CDD4700250B7C /* Project object */;
}
